
Microsoft Visual Studio Solution File, Format Version 12.00
# Visual Studio 14
VisualStudioVersion = 14.0.25420.1
MinimumVisualStudioVersion = 10.0.40219.1
Project("{2150E333-8FDC-42A3-9474-1A3956D46DE8}") = "Engine", "Engine", "{FFE324BA-CF8E-4CDE-BA92-5D49AAC2F724}"
EndProject
Project("{2150E333-8FDC-42A3-9474-1A3956D46DE8}") = "Games", "Games", "{B894FBDE-8342-4862-8B77-98821F482101}"
EndProject
Project("{8BC9CEB8-8B4A-11D0-8D11-00A0C91BC942}") = "UE4", "Intermediate\ProjectFiles\UE4.vcxproj", "{B50357E0-9CFD-4711-AA22-8DDDE3F5C9AC}"
EndProject
Project("{8BC9CEB8-8B4A-11D0-8D11-00A0C91BC942}") = "UnrealGB", "Intermediate\ProjectFiles\UnrealGB.vcxproj", "{08C1EF4A-A95F-4356-BC65-5EE34F70E7C7}"
EndProject
Global
	GlobalSection(SolutionConfigurationPlatforms) = preSolution
		DebugGame Editor|Win32 = DebugGame Editor|Win32
		DebugGame Editor|Win64 = DebugGame Editor|Win64
		DebugGame|Win32 = DebugGame|Win32
		DebugGame|Win64 = DebugGame|Win64
		Development Editor|Win32 = Development Editor|Win32
		Development Editor|Win64 = Development Editor|Win64
		Development|Win32 = Development|Win32
		Development|Win64 = Development|Win64
		Shipping|Win32 = Shipping|Win32
		Shipping|Win64 = Shipping|Win64
	EndGlobalSection
	GlobalSection(ProjectConfigurationPlatforms) = postSolution
		{B50357E0-9CFD-4711-AA22-8DDDE3F5C9AC}.DebugGame Editor|Win32.ActiveCfg = BuiltWithUnrealBuildTool|Win32
		{B50357E0-9CFD-4711-AA22-8DDDE3F5C9AC}.DebugGame Editor|Win32.Build.0 = BuiltWithUnrealBuildTool|Win32
		{B50357E0-9CFD-4711-AA22-8DDDE3F5C9AC}.DebugGame Editor|Win64.ActiveCfg = BuiltWithUnrealBuildTool|Win32
		{B50357E0-9CFD-4711-AA22-8DDDE3F5C9AC}.DebugGame Editor|Win64.Build.0 = BuiltWithUnrealBuildTool|Win32
		{B50357E0-9CFD-4711-AA22-8DDDE3F5C9AC}.DebugGame|Win32.ActiveCfg = BuiltWithUnrealBuildTool|Win32
		{B50357E0-9CFD-4711-AA22-8DDDE3F5C9AC}.DebugGame|Win32.Build.0 = BuiltWithUnrealBuildTool|Win32
		{B50357E0-9CFD-4711-AA22-8DDDE3F5C9AC}.DebugGame|Win64.ActiveCfg = BuiltWithUnrealBuildTool|Win32
		{B50357E0-9CFD-4711-AA22-8DDDE3F5C9AC}.DebugGame|Win64.Build.0 = BuiltWithUnrealBuildTool|Win32
		{B50357E0-9CFD-4711-AA22-8DDDE3F5C9AC}.Development Editor|Win32.ActiveCfg = BuiltWithUnrealBuildTool|Win32
		{B50357E0-9CFD-4711-AA22-8DDDE3F5C9AC}.Development Editor|Win32.Build.0 = BuiltWithUnrealBuildTool|Win32
		{B50357E0-9CFD-4711-AA22-8DDDE3F5C9AC}.Development Editor|Win64.ActiveCfg = BuiltWithUnrealBuildTool|Win32
		{B50357E0-9CFD-4711-AA22-8DDDE3F5C9AC}.Development Editor|Win64.Build.0 = BuiltWithUnrealBuildTool|Win32
		{B50357E0-9CFD-4711-AA22-8DDDE3F5C9AC}.Development|Win32.ActiveCfg = BuiltWithUnrealBuildTool|Win32
		{B50357E0-9CFD-4711-AA22-8DDDE3F5C9AC}.Development|Win32.Build.0 = BuiltWithUnrealBuildTool|Win32
		{B50357E0-9CFD-4711-AA22-8DDDE3F5C9AC}.Development|Win64.ActiveCfg = BuiltWithUnrealBuildTool|Win32
		{B50357E0-9CFD-4711-AA22-8DDDE3F5C9AC}.Development|Win64.Build.0 = BuiltWithUnrealBuildTool|Win32
		{B50357E0-9CFD-4711-AA22-8DDDE3F5C9AC}.Shipping|Win32.ActiveCfg = BuiltWithUnrealBuildTool|Win32
		{B50357E0-9CFD-4711-AA22-8DDDE3F5C9AC}.Shipping|Win32.Build.0 = BuiltWithUnrealBuildTool|Win32
		{B50357E0-9CFD-4711-AA22-8DDDE3F5C9AC}.Shipping|Win64.ActiveCfg = BuiltWithUnrealBuildTool|Win32
		{B50357E0-9CFD-4711-AA22-8DDDE3F5C9AC}.Shipping|Win64.Build.0 = BuiltWithUnrealBuildTool|Win32
		{08C1EF4A-A95F-4356-BC65-5EE34F70E7C7}.DebugGame Editor|Win32.ActiveCfg = DebugGame_Editor|Win32
		{08C1EF4A-A95F-4356-BC65-5EE34F70E7C7}.DebugGame Editor|Win64.ActiveCfg = DebugGame_Editor|x64
		{08C1EF4A-A95F-4356-BC65-5EE34F70E7C7}.DebugGame Editor|Win64.Build.0 = DebugGame_Editor|x64
		{08C1EF4A-A95F-4356-BC65-5EE34F70E7C7}.DebugGame|Win32.ActiveCfg = DebugGame_Game|Win32
		{08C1EF4A-A95F-4356-BC65-5EE34F70E7C7}.DebugGame|Win32.Build.0 = DebugGame_Game|Win32
		{08C1EF4A-A95F-4356-BC65-5EE34F70E7C7}.DebugGame|Win64.ActiveCfg = DebugGame_Game|x64
		{08C1EF4A-A95F-4356-BC65-5EE34F70E7C7}.DebugGame|Win64.Build.0 = DebugGame_Game|x64
		{08C1EF4A-A95F-4356-BC65-5EE34F70E7C7}.Development Editor|Win32.ActiveCfg = Development_Editor|Win32
		{08C1EF4A-A95F-4356-BC65-5EE34F70E7C7}.Development Editor|Win64.ActiveCfg = Development_Editor|x64
		{08C1EF4A-A95F-4356-BC65-5EE34F70E7C7}.Development Editor|Win64.Build.0 = Development_Editor|x64
		{08C1EF4A-A95F-4356-BC65-5EE34F70E7C7}.Development|Win32.ActiveCfg = Development_Game|Win32
		{08C1EF4A-A95F-4356-BC65-5EE34F70E7C7}.Development|Win32.Build.0 = Development_Game|Win32
		{08C1EF4A-A95F-4356-BC65-5EE34F70E7C7}.Development|Win64.ActiveCfg = Development_Game|x64
		{08C1EF4A-A95F-4356-BC65-5EE34F70E7C7}.Development|Win64.Build.0 = Development_Game|x64
		{08C1EF4A-A95F-4356-BC65-5EE34F70E7C7}.Shipping|Win32.ActiveCfg = Shipping_Game|Win32
		{08C1EF4A-A95F-4356-BC65-5EE34F70E7C7}.Shipping|Win32.Build.0 = Shipping_Game|Win32
		{08C1EF4A-A95F-4356-BC65-5EE34F70E7C7}.Shipping|Win64.ActiveCfg = Shipping_Game|x64
		{08C1EF4A-A95F-4356-BC65-5EE34F70E7C7}.Shipping|Win64.Build.0 = Shipping_Game|x64
	EndGlobalSection
	GlobalSection(SolutionProperties) = preSolution
		HideSolutionNode = FALSE
	EndGlobalSection
	GlobalSection(NestedProjects) = preSolution
		{B50357E0-9CFD-4711-AA22-8DDDE3F5C9AC} = {FFE324BA-CF8E-4CDE-BA92-5D49AAC2F724}
		{08C1EF4A-A95F-4356-BC65-5EE34F70E7C7} = {B894FBDE-8342-4862-8B77-98821F482101}
	EndGlobalSection
EndGlobal
